
Microsoft Visual Studio Solution File, Format Version 12.00
# Visual Studio 15
VisualStudioVersion = 15.0.27703.2042
MinimumVisualStudioVersion = 10.0.40219.1
Project("{FAE04EC0-301F-11D3-BF4B-00C04F79EFBC}") = "WebApplicationCarrinhoBD", "WebApplicationCarrinhoBD\WebApplicationCarrinhoBD.csproj", "{C8782B70-A0B8-4F3F-942F-3E295783D79C}"
EndProject
Global
	GlobalSection(SolutionConfigurationPlatforms) = preSolution
		Debug|Any CPU = Debug|Any CPU
		Release|Any CPU = Release|Any CPU
	EndGlobalSection
	GlobalSection(ProjectConfigurationPlatforms) = postSolution
		{C8782B70-A0B8-4F3F-942F-3E295783D79C}.Debug|Any CPU.ActiveCfg = Debug|Any CPU
		{C8782B70-A0B8-4F3F-942F-3E295783D79C}.Debug|Any CPU.Build.0 = Debug|Any CPU
		{C8782B70-A0B8-4F3F-942F-3E295783D79C}.Release|Any CPU.ActiveCfg = Release|Any CPU
		{C8782B70-A0B8-4F3F-942F-3E295783D79C}.Release|Any CPU.Build.0 = Release|Any CPU
	EndGlobalSection
	GlobalSection(SolutionProperties) = preSolution
		HideSolutionNode = FALSE
	EndGlobalSection
	GlobalSection(ExtensibilityGlobals) = postSolution
		SolutionGuid = {21E7A6C5-A2D5-471D-A8A3-44F1076AE982}
	EndGlobalSection
EndGlobal
